
Microsoft Visual Studio Solution File, Format Version 12.00
# Visual Studio Version 17
VisualStudioVersion = 17.8.34316.72
MinimumVisualStudioVersion = 10.0.40219.1
Project("{9A19103F-16F7-4668-BE54-9A1E7A4F7556}") = "SalleCode", "SalleCode.csproj", "{89501070-A245-4B0D-ACDF-D162D67B2BF8}"
EndProject
Global
	GlobalSection(SolutionConfigurationPlatforms) = preSolution
		Debug|Any CPU = Debug|Any CPU
		Release|Any CPU = Release|Any CPU
	EndGlobalSection
	GlobalSection(ProjectConfigurationPlatforms) = postSolution
		{89501070-A245-4B0D-ACDF-D162D67B2BF8}.Debug|Any CPU.ActiveCfg = Debug|Any CPU
		{89501070-A245-4B0D-ACDF-D162D67B2BF8}.Debug|Any CPU.Build.0 = Debug|Any CPU
		{89501070-A245-4B0D-ACDF-D162D67B2BF8}.Release|Any CPU.ActiveCfg = Release|Any CPU
		{89501070-A245-4B0D-ACDF-D162D67B2BF8}.Release|Any CPU.Build.0 = Release|Any CPU
	EndGlobalSection
	GlobalSection(SolutionProperties) = preSolution
		HideSolutionNode = FALSE
	EndGlobalSection
	GlobalSection(ExtensibilityGlobals) = postSolution
		SolutionGuid = {6F10C4C9-DFF8-407A-808E-F8EF975FFCAD}
	EndGlobalSection
EndGlobal
